// !$*UTF8*$!
{
	archiveVersion = 1;
	classes = {
	};
	objectVersion = 46;
	objects = {

/* Begin PBXBuildFile section */
		FEA642641DC9C352002429E4 /* main.m in Sources */ = {isa = PBXBuildFile; fileRef = FEA642631DC9C352002429E4 /* main.m */; };
		FEA642671DC9C352002429E4 /* AppDelegate.m in Sources */ = {isa = PBXBuildFile; fileRef = FEA642661DC9C352002429E4 /* AppDelegate.m */; };
		FEA6426A1DC9C352002429E4 /* ViewController.m in Sources */ = {isa = PBXBuildFile; fileRef = FEA642691DC9C352002429E4 /* ViewController.m */; };
		FEA6426D1DC9C352002429E4 /* Main.storyboard in Resources */ = {isa = PBXBuildFile; fileRef = FEA6426B1DC9C352002429E4 /* Main.storyboard */; };
		FEA6426F1DC9C352002429E4 /* Assets.xcassets in Resources */ = {isa = PBXBuildFile; fileRef = FEA6426E1DC9C352002429E4 /* Assets.xcassets */; };
		FEA642721DC9C352002429E4 /* LaunchScreen.storyboard in Resources */ = {isa = PBXBuildFile; fileRef = FEA642701DC9C352002429E4 /* LaunchScreen.storyboard */; };
/* End PBXBuildFile section */

/* Begin PBXFileReference section */
		FEA6425F1DC9C352002429E4 /* GetCustomImageMostColor.app */ = {isa = PBXFileReference; explicitFileType = wrapper.application; includeInIndex = 0; path = GetCustomImageMostColor.app; sourceTree = BUILT_PRODUCTS_DIR; };
		FEA642631DC9C352002429E4 /* main.m */ = {isa = PBXFileReference; lastKnownFileType = sourcecode.c.objc; path = main.m; sourceTree = "<group>"; };
		FEA642651DC9C352002429E4 /* AppDelegate.h */ = {isa = PBXFileReference; lastKnownFileType = sourcecode.c.h; path = AppDelegate.h; sourceTree = "<group>"; };
		FEA642661DC9C352002429E4 /* AppDelegate.m */ = {isa = PBXFileReference; lastKnownFileType = sourcecode.c.objc; path = AppDelegate.m; sourceTree = "<group>"; };
		FEA642681DC9C352002429E4 /* ViewController.h */ = {isa = PBXFileReference; lastKnownFileType = sourcecode.c.h; path = ViewController.h; sourceTree = "<group>"; };
		FEA642691DC9C352002429E4 /* ViewController.m */ = {isa = PBXFileReference; lastKnownFileType = sourcecode.c.objc; path = ViewController.m; sourceTree = "<group>"; };
		FEA6426C1DC9C352002429E4 /* Base */ = {isa = PBXFileReference; lastKnownFileType = file.storyboard; name = Base; path = Base.lproj/Main.storyboard; sourceTree = "<group>"; };
		FEA6426E1DC9C352002429E4 /* Assets.xcassets */ = {isa = PBXFileReference; lastKnownFileType = folder.assetcatalog; path = Assets.xcassets; sourceTree = "<group>"; };
		FEA642711DC9C352002429E4 /* Base */ = {isa = PBXFileReference; lastKnownFileType = file.storyboard; name = Base; path = Base.lproj/LaunchScreen.storyboard; sourceTree = "<group>"; };
		FEA642731DC9C352002429E4 /* Info.plist */ = {isa = PBXFileReference; lastKnownFileType = text.plist.xml; path = Info.plist; sourceTree = "<group>"; };
/* End PBXFileReference section */

/* Begin PBXFrameworksBuildPhase section */
		FEA6425C1DC9C352002429E4 /* Frameworks */ = {
			isa = PBXFrameworksBuildPhase;
			buildActionMask = 2147483647;
			files = (
			);
			runOnlyForDeploymentPostprocessing = 0;
		};
/* End PBXFrameworksBuildPhase section */

/* Begin PBXGroup section */
		FEA642561DC9C352002429E4 = {
			isa = PBXGroup;
			children = (
				FEA642611DC9C352002429E4 /* GetCustomImageMostColor */,
				FEA642601DC9C352002429E4 /* Products */,
			);
			sourceTree = "<group>";
		};
		FEA642601DC9C352002429E4 /* Products */ = {
			isa = PBXGroup;
			children = (
				FEA6425F1DC9C352002429E4 /* GetCustomImageMostColor.app */,
			);
			name = Products;
			sourceTree = "<group>";
		};
		FEA642611DC9C352002429E4 /* GetCustomImageMostColor */ = {
			isa = PBXGroup;
			children = (
				FEA642651DC9C352002429E4 /* AppDelegate.h */,
				FEA642661DC9C352002429E4 /* AppDelegate.m */,
				FEA642681DC9C352002429E4 /* ViewController.h */,
				FEA642691DC9C352002429E4 /* ViewController.m */,
				FEA6426B1DC9C352002429E4 /* Main.storyboard */,
				FEA6426E1DC9C352002429E4 /* Assets.xcassets */,
				FEA642701DC9C352002429E4 /* LaunchScreen.storyboard */,
				FEA642731DC9C352002429E4 /* Info.plist */,
				FEA642621DC9C352002429E4 /* Supporting Files */,
			);
			path = GetCustomImageMostColor;
			sourceTree = "<group>";
		};
		FEA642621DC9C352002429E4 /* Supporting Files */ = {
			isa = PBXGroup;
			children = (
				FEA642631DC9C352002429E4 /* main.m */,
			);
			name = "Supporting Files";
			sourceTree = "<group>";
		};
/* End PBXGroup section */

/* Begin PBXNativeTarget section */
		FEA6425E1DC9C352002429E4 /* GetCustomImageMostColor */ = {
			isa = PBXNativeTarget;
			buildConfigurationList = FEA642761DC9C352002429E4 /* Build configuration list for PBXNativeTarget "GetCustomImageMostColor" */;
			buildPhases = (
				FEA6425B1DC9C352002429E4 /* Sources */,
				FEA6425C1DC9C352002429E4 /* Frameworks */,
				FEA6425D1DC9C352002429E4 /* Resources */,
			);
			buildRules = (
			);
			dependencies = (
			);
			name = GetCustomImageMostColor;
			productName = GetCustomImageMostColor;
			productReference = FEA6425F1DC9C352002429E4 /* GetCustomImageMostColor.app */;
			productType = "com.apple.product-type.application";
		};
/* End PBXNativeTarget section */

/* Begin PBXProject section */
		FEA642571DC9C352002429E4 /* Project object */ = {
			isa = PBXProject;
			attributes = {
				LastUpgradeCheck = 0800;
				ORGANIZATIONNAME = "张高远";
				TargetAttributes = {
					FEA6425E1DC9C352002429E4 = {
						CreatedOnToolsVersion = 8.0;
						DevelopmentTeam = 9837JX8MU6;
						ProvisioningStyle = Automatic;
					};
				};
			};
			buildConfigurationList = FEA6425A1DC9C352002429E4 /* Build configuration list for PBXProject "GetCustomImageMostColor" */;
			compatibilityVersion = "Xcode 3.2";
			developmentRegion = English;
			hasScannedForEncodings = 0;
			knownRegions = (
				en,
				Base,
			);
			mainGroup = FEA642561DC9C352002429E4;
			productRefGroup = FEA642601DC9C352002429E4 /* Products */;
			projectDirPath = "";
			projectRoot = "";
			targets = (
				FEA6425E1DC9C352002429E4 /* GetCustomImageMostColor */,
			);
		};
/* End PBXProject section */

/* Begin PBXResourcesBuildPhase section */
		FEA6425D1DC9C352002429E4 /* Resources */ = {
			isa = PBXResourcesBuildPhase;
			buildActionMask = 2147483647;
			files = (
				FEA642721DC9C352002429E4 /* LaunchScreen.storyboard in Resources */,
				FEA6426F1DC9C352002429E4 /* Assets.xcassets in Resources */,
				FEA6426D1DC9C352002429E4 /* Main.storyboard in Resources */,
			);
			runOnlyForDeploymentPostprocessing = 0;
		};
/* End PBXResourcesBuildPhase section */

/* Begin PBXSourcesBuildPhase section */
		FEA6425B1DC9C352002429E4 /* Sources */ = {
			isa = PBXSourcesBuildPhase;
			buildActionMask = 2147483647;
			files = (
				FEA6426A1DC9C352002429E4 /* ViewController.m in Sources */,
				FEA642671DC9C352002429E4 /* AppDelegate.m in Sources */,
				FEA642641DC9C352002429E4 /* main.m in Sources */,
			);
			runOnlyForDeploymentPostprocessing = 0;
		};
/* End PBXSourcesBuildPhase section */

/* Begin PBXVariantGroup section */
		FEA6426B1DC9C352002429E4 /* Main.storyboard */ = {
			isa = PBXVariantGroup;
			children = (
				FEA6426C1DC9C352002429E4 /* Base */,
			);
			name = Main.storyboard;
			sourceTree = "<group>";
		};
		FEA642701DC9C352002429E4 /* LaunchScreen.storyboard */ = {
			isa = PBXVariantGroup;
			children = (
				FEA642711DC9C352002429E4 /* Base */,
			);
			name = LaunchScreen.storyboard;
			sourceTree = "<group>";
		};
/* End PBXVariantGroup section */

/* Begin XCBuildConfiguration section */
		FEA642741DC9C352002429E4 /* Debug */ = {
			isa = XCBuildConfiguration;
			buildSettings = {
				ALWAYS_SEARCH_USER_PATHS = NO;
				CLANG_ANALYZER_NONNULL = YES;
				CLANG_CXX_LANGUAGE_STANDARD = "gnu++0x";
				CLANG_CXX_LIBRARY = "libc++";
				CLANG_ENABLE_MODULES = YES;
				CLANG_ENABLE_OBJC_ARC = YES;
				CLANG_WARN_BOOL_CONVERSION = YES;
				CLANG_WARN_CONSTANT_CONVERSION = YES;
				CLANG_WARN_DIRECT_OBJC_ISA_USAGE = YES_ERROR;
				CLANG_WARN_DOCUMENTATION_COMMENTS = YES;
				CLANG_WARN_EMPTY_BODY = YES;
				CLANG_WARN_ENUM_CONVERSION = YES;
				CLANG_WARN_INFINITE_RECURSION = YES;
				CLANG_WARN_INT_CONVERSION = YES;
				CLANG_WARN_OBJC_ROOT_CLASS = YES_ERROR;
				CLANG_WARN_SUSPICIOUS_MOVES = YES;
				CLANG_WARN_UNREACHABLE_CODE = YES;
				CLANG_WARN__DUPLICATE_METHOD_MATCH = YES;
				"CODE_SIGN_IDENTITY[sdk=iphoneos*]" = "iPhone Developer";
				COPY_PHASE_STRIP = NO;
				DEBUG_INFORMATION_FORMAT = dwarf;
				ENABLE_STRICT_OBJC_MSGSEND = YES;
				ENABLE_TESTABILITY = YES;
				GCC_C_LANGUAGE_STANDARD = gnu99;
				GCC_DYNAMIC_NO_PIC = NO;
				GCC_NO_COMMON_BLOCKS = YES;
				GCC_OPTIMIZATION_LEVEL = 0;
				GCC_PREPROCESSOR_DEFINITIONS = (
					"DEBUG=1",
					"$(inherited)",
				);
				GCC_WARN_64_TO_32_BIT_CONVERSION = YES;
				GCC_WARN_ABOUT_RETURN_TYPE = YES_ERROR;
				GCC_WARN_UNDECLARED_SELECTOR = YES;
				GCC_WARN_UNINITIALIZED_AUTOS = YES_AGGRESSIVE;
				GCC_WARN_UNUSED_FUNCTION = YES;
				GCC_WARN_UNUSED_VARIABLE = YES;
				IPHONEOS_DEPLOYMENT_TARGET = 10.0;
				MTL_ENABLE_DEBUG_INFO = YES;
				ONLY_ACTIVE_ARCH = YES;
				SDKROOT = iphoneos;
			};
			name = Debug;
		};
		FEA642751DC9C352002429E4 /* Release */ = {
			isa = XCBuildConfiguration;
			buildSettings = {
				ALWAYS_SEARCH_USER_PATHS = NO;
				CLANG_ANALYZER_NONNULL = YES;
				CLANG_CXX_LANGUAGE_STANDARD = "gnu++0x";
				CLANG_CXX_LIBRARY = "libc++";
				CLANG_ENABLE_MODULES = YES;
				CLANG_ENABLE_OBJC_ARC = YES;
				CLANG_WARN_BOOL_CONVERSION = YES;
				CLANG_WARN_CONSTANT_CONVERSION = YES;
				CLANG_WARN_DIRECT_OBJC_ISA_USAGE = YES_ERROR;
				CLANG_WARN_DOCUMENTATION_COMMENTS = YES;
				CLANG_WARN_EMPTY_BODY = YES;
				CLANG_WARN_ENUM_CONVERSION = YES;
				CLANG_WARN_INFINITE_RECURSION = YES;
				CLANG_WARN_INT_CONVERSION = YES;
				CLANG_WARN_OBJC_ROOT_CLASS = YES_ERROR;
				CLANG_WARN_SUSPICIOUS_MOVES = YES;
				CLANG_WARN_UNREACHABLE_CODE = YES;
				CLANG_WARN__DUPLICATE_METHOD_MATCH = YES;
				"CODE_SIGN_IDENTITY[sdk=iphoneos*]" = "iPhone Developer";
				COPY_PHASE_STRIP = NO;
				DEBUG_INFORMATION_FORMAT = "dwarf-with-dsym";
				ENABLE_NS_ASSERTIONS = NO;
				ENABLE_STRICT_OBJC_MSGSEND = YES;
				GCC_C_LANGUAGE_STANDARD = gnu99;
				GCC_NO_COMMON_BLOCKS = YES;
				GCC_WARN_64_TO_32_BIT_CONVERSION = YES;
				GCC_WARN_ABOUT_RETURN_TYPE = YES_ERROR;
				GCC_WARN_UNDECLARED_SELECTOR = YES;
				GCC_WARN_UNINITIALIZED_AUTOS = YES_AGGRESSIVE;
				GCC_WARN_UNUSED_FUNCTION = YES;
				GCC_WARN_UNUSED_VARIABLE = YES;
				IPHONEOS_DEPLOYMENT_TARGET = 10.0;
				MTL_ENABLE_DEBUG_INFO = NO;
				SDKROOT = iphoneos;
				VALIDATE_PRODUCT = YES;
			};
			name = Release;
		};
		FEA642771DC9C352002429E4 /* Debug */ = {
			isa = XCBuildConfiguration;
			buildSettings = {
				ASSETCATALOG_COMPILER_APPICON_NAME = AppIcon;
				DEVELOPMENT_TEAM = 9837JX8MU6;
				INFOPLIST_FILE = GetCustomImageMostColor/Info.plist;
				LD_RUNPATH_SEARCH_PATHS = "$(inherited) @executable_path/Frameworks";
				PRODUCT_BUNDLE_IDENTIFIER = com.zgy.GetCustomImageMostColor;
				PRODUCT_NAME = "$(TARGET_NAME)";
			};
			name = Debug;
		};
		FEA642781DC9C352002429E4 /* Release */ = {
			isa = XCBuildConfiguration;
			buildSettings = {
				ASSETCATALOG_COMPILER_APPICON_NAME = AppIcon;
				DEVELOPMENT_TEAM = 9837JX8MU6;
				INFOPLIST_FILE = GetCustomImageMostColor/Info.plist;
				LD_RUNPATH_SEARCH_PATHS = "$(inherited) @executable_path/Frameworks";
				PRODUCT_BUNDLE_IDENTIFIER = com.zgy.GetCustomImageMostColor;
				PRODUCT_NAME = "$(TARGET_NAME)";
			};
			name = Release;
		};
/* End XCBuildConfiguration section */

/* Begin XCConfigurationList section */
		FEA6425A1DC9C352002429E4 /* Build configuration list for PBXProject "GetCustomImageMostColor" */ = {
			isa = XCConfigurationList;
			buildConfigurations = (
				FEA642741DC9C352002429E4 /* Debug */,
				FEA642751DC9C352002429E4 /* Release */,
			);
			defaultConfigurationIsVisible = 0;
			defaultConfigurationName = Release;
		};
		FEA642761DC9C352002429E4 /* Build configuration list for PBXNativeTarget "GetCustomImageMostColor" */ = {
			isa = XCConfigurationList;
			buildConfigurations = (
				FEA642771DC9C352002429E4 /* Debug */,
				FEA642781DC9C352002429E4 /* Release */,
			);
			defaultConfigurationIsVisible = 0;
		};
/* End XCConfigurationList section */
	};
	rootObject = FEA642571DC9C352002429E4 /* Project object */;
}
